
Microsoft Visual Studio Solution File, Format Version 12.00
# Visual Studio Version 17
VisualStudioVersion = 17.0.31903.59
MinimumVisualStudioVersion = 10.0.40219.1
Project("{FAE04EC0-301F-11D3-BF4B-00C04F79EFBC}") = "Users.API", "Users.API\Users.API.csproj", "{506C3222-AD0E-49E9-8FF4-67EA146DA4E8}"
EndProject
Project("{FAE04EC0-301F-11D3-BF4B-00C04F79EFBC}") = "Tasks.API", "Tasks.API\Tasks.API.csproj", "{46FBAC0A-1493-4F2B-B07D-F9C9A8AA18F9}"
EndProject
Project("{FAE04EC0-301F-11D3-BF4B-00C04F79EFBC}") = "Expenses.API", "Expenses.API\Expenses.API.csproj", "{79F082FD-8C84-40CD-8F6D-A1E65F8BB767}"
EndProject
Project("{FAE04EC0-301F-11D3-BF4B-00C04F79EFBC}") = "Notifications.API", "Notifications.API\Notifications.API.csproj", "{7BFDEA8C-A460-48C4-87B7-1D993BB9878B}"
EndProject
Project("{FAE04EC0-301F-11D3-BF4B-00C04F79EFBC}") = "Gateway.API", "Gateway.API\Gateway.API.csproj", "{3E786529-D681-424D-B77F-6EA8988D3FA1}"
EndProject
Project("{FAE04EC0-301F-11D3-BF4B-00C04F79EFBC}") = "Users.API.Tests", "Users.API.Tests\Users.API.Tests.csproj", "{5599518A-01BC-4DAE-81F8-3F3031B23E70}"
EndProject
Project("{FAE04EC0-301F-11D3-BF4B-00C04F79EFBC}") = "Tasks.API.Tests", "Tasks.API.Tests\Tasks.API.Tests.csproj", "{F658D0EA-4BE5-4F65-B702-86993693810A}"
EndProject
Project("{FAE04EC0-301F-11D3-BF4B-00C04F79EFBC}") = "Expenses.API.Tests", "Expenses.API.Tests\Expenses.API.Tests.csproj", "{897971D9-53E4-4A27-B8D9-B26DABE3C2CE}"
EndProject
Project("{FAE04EC0-301F-11D3-BF4B-00C04F79EFBC}") = "Notifications.API.Tests", "Notifications.API.Tests\Notifications.API.Tests.csproj", "{D797218D-C9C5-414F-8DC0-6D5E33765C0F}"
EndProject
Global
	GlobalSection(SolutionConfigurationPlatforms) = preSolution
		Debug|Any CPU = Debug|Any CPU
		Debug|x64 = Debug|x64
		Debug|x86 = Debug|x86
		Release|Any CPU = Release|Any CPU
		Release|x64 = Release|x64
		Release|x86 = Release|x86
	EndGlobalSection
	GlobalSection(ProjectConfigurationPlatforms) = postSolution
		{506C3222-AD0E-49E9-8FF4-67EA146DA4E8}.Debug|Any CPU.ActiveCfg = Debug|Any CPU
		{506C3222-AD0E-49E9-8FF4-67EA146DA4E8}.Debug|Any CPU.Build.0 = Debug|Any CPU
		{506C3222-AD0E-49E9-8FF4-67EA146DA4E8}.Debug|x64.ActiveCfg = Debug|Any CPU
		{506C3222-AD0E-49E9-8FF4-67EA146DA4E8}.Debug|x64.Build.0 = Debug|Any CPU
		{506C3222-AD0E-49E9-8FF4-67EA146DA4E8}.Debug|x86.ActiveCfg = Debug|Any CPU
		{506C3222-AD0E-49E9-8FF4-67EA146DA4E8}.Debug|x86.Build.0 = Debug|Any CPU
		{506C3222-AD0E-49E9-8FF4-67EA146DA4E8}.Release|Any CPU.ActiveCfg = Release|Any CPU
		{506C3222-AD0E-49E9-8FF4-67EA146DA4E8}.Release|Any CPU.Build.0 = Release|Any CPU
		{506C3222-AD0E-49E9-8FF4-67EA146DA4E8}.Release|x64.ActiveCfg = Release|Any CPU
		{506C3222-AD0E-49E9-8FF4-67EA146DA4E8}.Release|x64.Build.0 = Release|Any CPU
		{506C3222-AD0E-49E9-8FF4-67EA146DA4E8}.Release|x86.ActiveCfg = Release|Any CPU
		{506C3222-AD0E-49E9-8FF4-67EA146DA4E8}.Release|x86.Build.0 = Release|Any CPU
		{46FBAC0A-1493-4F2B-B07D-F9C9A8AA18F9}.Debug|Any CPU.ActiveCfg = Debug|Any CPU
		{46FBAC0A-1493-4F2B-B07D-F9C9A8AA18F9}.Debug|Any CPU.Build.0 = Debug|Any CPU
		{46FBAC0A-1493-4F2B-B07D-F9C9A8AA18F9}.Debug|x64.ActiveCfg = Debug|Any CPU
		{46FBAC0A-1493-4F2B-B07D-F9C9A8AA18F9}.Debug|x64.Build.0 = Debug|Any CPU
		{46FBAC0A-1493-4F2B-B07D-F9C9A8AA18F9}.Debug|x86.ActiveCfg = Debug|Any CPU
		{46FBAC0A-1493-4F2B-B07D-F9C9A8AA18F9}.Debug|x86.Build.0 = Debug|Any CPU
		{46FBAC0A-1493-4F2B-B07D-F9C9A8AA18F9}.Release|Any CPU.ActiveCfg = Release|Any CPU
		{46FBAC0A-1493-4F2B-B07D-F9C9A8AA18F9}.Release|Any CPU.Build.0 = Release|Any CPU
		{46FBAC0A-1493-4F2B-B07D-F9C9A8AA18F9}.Release|x64.ActiveCfg = Release|Any CPU
		{46FBAC0A-1493-4F2B-B07D-F9C9A8AA18F9}.Release|x64.Build.0 = Release|Any CPU
		{46FBAC0A-1493-4F2B-B07D-F9C9A8AA18F9}.Release|x86.ActiveCfg = Release|Any CPU
		{46FBAC0A-1493-4F2B-B07D-F9C9A8AA18F9}.Release|x86.Build.0 = Release|Any CPU
		{79F082FD-8C84-40CD-8F6D-A1E65F8BB767}.Debug|Any CPU.ActiveCfg = Debug|Any CPU
		{79F082FD-8C84-40CD-8F6D-A1E65F8BB767}.Debug|Any CPU.Build.0 = Debug|Any CPU
		{79F082FD-8C84-40CD-8F6D-A1E65F8BB767}.Debug|x64.ActiveCfg = Debug|Any CPU
		{79F082FD-8C84-40CD-8F6D-A1E65F8BB767}.Debug|x64.Build.0 = Debug|Any CPU
		{79F082FD-8C84-40CD-8F6D-A1E65F8BB767}.Debug|x86.ActiveCfg = Debug|Any CPU
		{79F082FD-8C84-40CD-8F6D-A1E65F8BB767}.Debug|x86.Build.0 = Debug|Any CPU
		{79F082FD-8C84-40CD-8F6D-A1E65F8BB767}.Release|Any CPU.ActiveCfg = Release|Any CPU
		{79F082FD-8C84-40CD-8F6D-A1E65F8BB767}.Release|Any CPU.Build.0 = Release|Any CPU
		{79F082FD-8C84-40CD-8F6D-A1E65F8BB767}.Release|x64.ActiveCfg = Release|Any CPU
		{79F082FD-8C84-40CD-8F6D-A1E65F8BB767}.Release|x64.Build.0 = Release|Any CPU
		{79F082FD-8C84-40CD-8F6D-A1E65F8BB767}.Release|x86.ActiveCfg = Release|Any CPU
		{79F082FD-8C84-40CD-8F6D-A1E65F8BB767}.Release|x86.Build.0 = Release|Any CPU
		{7BFDEA8C-A460-48C4-87B7-1D993BB9878B}.Debug|Any CPU.ActiveCfg = Debug|Any CPU
		{7BFDEA8C-A460-48C4-87B7-1D993BB9878B}.Debug|Any CPU.Build.0 = Debug|Any CPU
		{7BFDEA8C-A460-48C4-87B7-1D993BB9878B}.Debug|x64.ActiveCfg = Debug|Any CPU
		{7BFDEA8C-A460-48C4-87B7-1D993BB9878B}.Debug|x64.Build.0 = Debug|Any CPU
		{7BFDEA8C-A460-48C4-87B7-1D993BB9878B}.Debug|x86.ActiveCfg = Debug|Any CPU
		{7BFDEA8C-A460-48C4-87B7-1D993BB9878B}.Debug|x86.Build.0 = Debug|Any CPU
		{7BFDEA8C-A460-48C4-87B7-1D993BB9878B}.Release|Any CPU.ActiveCfg = Release|Any CPU
		{7BFDEA8C-A460-48C4-87B7-1D993BB9878B}.Release|Any CPU.Build.0 = Release|Any CPU
		{7BFDEA8C-A460-48C4-87B7-1D993BB9878B}.Release|x64.ActiveCfg = Release|Any CPU
		{7BFDEA8C-A460-48C4-87B7-1D993BB9878B}.Release|x64.Build.0 = Release|Any CPU
		{7BFDEA8C-A460-48C4-87B7-1D993BB9878B}.Release|x86.ActiveCfg = Release|Any CPU
		{7BFDEA8C-A460-48C4-87B7-1D993BB9878B}.Release|x86.Build.0 = Release|Any CPU
		{3E786529-D681-424D-B77F-6EA8988D3FA1}.Debug|Any CPU.ActiveCfg = Debug|Any CPU
		{3E786529-D681-424D-B77F-6EA8988D3FA1}.Debug|Any CPU.Build.0 = Debug|Any CPU
		{3E786529-D681-424D-B77F-6EA8988D3FA1}.Debug|x64.ActiveCfg = Debug|Any CPU
		{3E786529-D681-424D-B77F-6EA8988D3FA1}.Debug|x64.Build.0 = Debug|Any CPU
		{3E786529-D681-424D-B77F-6EA8988D3FA1}.Debug|x86.ActiveCfg = Debug|Any CPU
		{3E786529-D681-424D-B77F-6EA8988D3FA1}.Debug|x86.Build.0 = Debug|Any CPU
		{3E786529-D681-424D-B77F-6EA8988D3FA1}.Release|Any CPU.ActiveCfg = Release|Any CPU
		{3E786529-D681-424D-B77F-6EA8988D3FA1}.Release|Any CPU.Build.0 = Release|Any CPU
		{3E786529-D681-424D-B77F-6EA8988D3FA1}.Release|x64.ActiveCfg = Release|Any CPU
		{3E786529-D681-424D-B77F-6EA8988D3FA1}.Release|x64.Build.0 = Release|Any CPU
		{3E786529-D681-424D-B77F-6EA8988D3FA1}.Release|x86.ActiveCfg = Release|Any CPU
		{3E786529-D681-424D-B77F-6EA8988D3FA1}.Release|x86.Build.0 = Release|Any CPU
		{5599518A-01BC-4DAE-81F8-3F3031B23E70}.Debug|Any CPU.ActiveCfg = Debug|Any CPU
		{5599518A-01BC-4DAE-81F8-3F3031B23E70}.Debug|Any CPU.Build.0 = Debug|Any CPU
		{5599518A-01BC-4DAE-81F8-3F3031B23E70}.Debug|x64.ActiveCfg = Debug|Any CPU
		{5599518A-01BC-4DAE-81F8-3F3031B23E70}.Debug|x64.Build.0 = Debug|Any CPU
		{5599518A-01BC-4DAE-81F8-3F3031B23E70}.Debug|x86.ActiveCfg = Debug|Any CPU
		{5599518A-01BC-4DAE-81F8-3F3031B23E70}.Debug|x86.Build.0 = Debug|Any CPU
		{5599518A-01BC-4DAE-81F8-3F3031B23E70}.Release|Any CPU.ActiveCfg = Release|Any CPU
		{5599518A-01BC-4DAE-81F8-3F3031B23E70}.Release|Any CPU.Build.0 = Release|Any CPU
		{5599518A-01BC-4DAE-81F8-3F3031B23E70}.Release|x64.ActiveCfg = Release|Any CPU
		{5599518A-01BC-4DAE-81F8-3F3031B23E70}.Release|x64.Build.0 = Release|Any CPU
		{5599518A-01BC-4DAE-81F8-3F3031B23E70}.Release|x86.ActiveCfg = Release|Any CPU
		{5599518A-01BC-4DAE-81F8-3F3031B23E70}.Release|x86.Build.0 = Release|Any CPU
		{F658D0EA-4BE5-4F65-B702-86993693810A}.Debug|Any CPU.ActiveCfg = Debug|Any CPU
		{F658D0EA-4BE5-4F65-B702-86993693810A}.Debug|Any CPU.Build.0 = Debug|Any CPU
		{F658D0EA-4BE5-4F65-B702-86993693810A}.Debug|x64.ActiveCfg = Debug|Any CPU
		{F658D0EA-4BE5-4F65-B702-86993693810A}.Debug|x64.Build.0 = Debug|Any CPU
		{F658D0EA-4BE5-4F65-B702-86993693810A}.Debug|x86.ActiveCfg = Debug|Any CPU
		{F658D0EA-4BE5-4F65-B702-86993693810A}.Debug|x86.Build.0 = Debug|Any CPU
		{F658D0EA-4BE5-4F65-B702-86993693810A}.Release|Any CPU.ActiveCfg = Release|Any CPU
		{F658D0EA-4BE5-4F65-B702-86993693810A}.Release|Any CPU.Build.0 = Release|Any CPU
		{F658D0EA-4BE5-4F65-B702-86993693810A}.Release|x64.ActiveCfg = Release|Any CPU
		{F658D0EA-4BE5-4F65-B702-86993693810A}.Release|x64.Build.0 = Release|Any CPU
		{F658D0EA-4BE5-4F65-B702-86993693810A}.Release|x86.ActiveCfg = Release|Any CPU
		{F658D0EA-4BE5-4F65-B702-86993693810A}.Release|x86.Build.0 = Release|Any CPU
		{897971D9-53E4-4A27-B8D9-B26DABE3C2CE}.Debug|Any CPU.ActiveCfg = Debug|Any CPU
		{897971D9-53E4-4A27-B8D9-B26DABE3C2CE}.Debug|Any CPU.Build.0 = Debug|Any CPU
		{897971D9-53E4-4A27-B8D9-B26DABE3C2CE}.Debug|x64.ActiveCfg = Debug|Any CPU
		{897971D9-53E4-4A27-B8D9-B26DABE3C2CE}.Debug|x64.Build.0 = Debug|Any CPU
		{897971D9-53E4-4A27-B8D9-B26DABE3C2CE}.Debug|x86.ActiveCfg = Debug|Any CPU
		{897971D9-53E4-4A27-B8D9-B26DABE3C2CE}.Debug|x86.Build.0 = Debug|Any CPU
		{897971D9-53E4-4A27-B8D9-B26DABE3C2CE}.Release|Any CPU.ActiveCfg = Release|Any CPU
		{897971D9-53E4-4A27-B8D9-B26DABE3C2CE}.Release|Any CPU.Build.0 = Release|Any CPU
		{897971D9-53E4-4A27-B8D9-B26DABE3C2CE}.Release|x64.ActiveCfg = Release|Any CPU
		{897971D9-53E4-4A27-B8D9-B26DABE3C2CE}.Release|x64.Build.0 = Release|Any CPU
		{897971D9-53E4-4A27-B8D9-B26DABE3C2CE}.Release|x86.ActiveCfg = Release|Any CPU
		{897971D9-53E4-4A27-B8D9-B26DABE3C2CE}.Release|x86.Build.0 = Release|Any CPU
		{D797218D-C9C5-414F-8DC0-6D5E33765C0F}.Debug|Any CPU.ActiveCfg = Debug|Any CPU
		{D797218D-C9C5-414F-8DC0-6D5E33765C0F}.Debug|Any CPU.Build.0 = Debug|Any CPU
		{D797218D-C9C5-414F-8DC0-6D5E33765C0F}.Debug|x64.ActiveCfg = Debug|Any CPU
		{D797218D-C9C5-414F-8DC0-6D5E33765C0F}.Debug|x64.Build.0 = Debug|Any CPU
		{D797218D-C9C5-414F-8DC0-6D5E33765C0F}.Debug|x86.ActiveCfg = Debug|Any CPU
		{D797218D-C9C5-414F-8DC0-6D5E33765C0F}.Debug|x86.Build.0 = Debug|Any CPU
		{D797218D-C9C5-414F-8DC0-6D5E33765C0F}.Release|Any CPU.ActiveCfg = Release|Any CPU
		{D797218D-C9C5-414F-8DC0-6D5E33765C0F}.Release|Any CPU.Build.0 = Release|Any CPU
		{D797218D-C9C5-414F-8DC0-6D5E33765C0F}.Release|x64.ActiveCfg = Release|Any CPU
		{D797218D-C9C5-414F-8DC0-6D5E33765C0F}.Release|x64.Build.0 = Release|Any CPU
		{D797218D-C9C5-414F-8DC0-6D5E33765C0F}.Release|x86.ActiveCfg = Release|Any CPU
		{D797218D-C9C5-414F-8DC0-6D5E33765C0F}.Release|x86.Build.0 = Release|Any CPU
	EndGlobalSection
	GlobalSection(SolutionProperties) = preSolution
		HideSolutionNode = FALSE
	EndGlobalSection
EndGlobal
